
Microsoft Visual Studio Solution File, Format Version 12.00
# Visual Studio 15
VisualStudioVersion = 15.0.26403.7
MinimumVisualStudioVersion = 10.0.40219.1
Project("{FAE04EC0-301F-11D3-BF4B-00C04F79EFBC}") = "01.MelrahShake", "01.MelrahShake\01.MelrahShake.csproj", "{DC66474D-7152-4011-9AC7-0F123888B370}"
EndProject
Project("{FAE04EC0-301F-11D3-BF4B-00C04F79EFBC}") = "03.CriticalBreakpoint", "03.CriticalBreakpoint\03.CriticalBreakpoint.csproj", "{0847842F-7C51-4F35-A569-8EA6DAF283E1}"
EndProject
Project("{FAE04EC0-301F-11D3-BF4B-00C04F79EFBC}") = "04.GUnit", "04.GUnit\04.GUnit.csproj", "{531BAD33-21A3-462F-8AD4-690E298275DC}"
EndProject
Project("{FAE04EC0-301F-11D3-BF4B-00C04F79EFBC}") = "04.OlympicsAreComing", "04.OlympicsAreComing\04.OlympicsAreComing.csproj", "{C041AD6F-8428-463E-96C9-686893715C18}"
EndProject
Global
	GlobalSection(SolutionConfigurationPlatforms) = preSolution
		Debug|Any CPU = Debug|Any CPU
		Release|Any CPU = Release|Any CPU
	EndGlobalSection
	GlobalSection(ProjectConfigurationPlatforms) = postSolution
		{DC66474D-7152-4011-9AC7-0F123888B370}.Debug|Any CPU.ActiveCfg = Debug|Any CPU
		{DC66474D-7152-4011-9AC7-0F123888B370}.Debug|Any CPU.Build.0 = Debug|Any CPU
		{DC66474D-7152-4011-9AC7-0F123888B370}.Release|Any CPU.ActiveCfg = Release|Any CPU
		{DC66474D-7152-4011-9AC7-0F123888B370}.Release|Any CPU.Build.0 = Release|Any CPU
		{0847842F-7C51-4F35-A569-8EA6DAF283E1}.Debug|Any CPU.ActiveCfg = Debug|Any CPU
		{0847842F-7C51-4F35-A569-8EA6DAF283E1}.Debug|Any CPU.Build.0 = Debug|Any CPU
		{0847842F-7C51-4F35-A569-8EA6DAF283E1}.Release|Any CPU.ActiveCfg = Release|Any CPU
		{0847842F-7C51-4F35-A569-8EA6DAF283E1}.Release|Any CPU.Build.0 = Release|Any CPU
		{531BAD33-21A3-462F-8AD4-690E298275DC}.Debug|Any CPU.ActiveCfg = Debug|Any CPU
		{531BAD33-21A3-462F-8AD4-690E298275DC}.Debug|Any CPU.Build.0 = Debug|Any CPU
		{531BAD33-21A3-462F-8AD4-690E298275DC}.Release|Any CPU.ActiveCfg = Release|Any CPU
		{531BAD33-21A3-462F-8AD4-690E298275DC}.Release|Any CPU.Build.0 = Release|Any CPU
		{C041AD6F-8428-463E-96C9-686893715C18}.Debug|Any CPU.ActiveCfg = Debug|Any CPU
		{C041AD6F-8428-463E-96C9-686893715C18}.Debug|Any CPU.Build.0 = Debug|Any CPU
		{C041AD6F-8428-463E-96C9-686893715C18}.Release|Any CPU.ActiveCfg = Release|Any CPU
		{C041AD6F-8428-463E-96C9-686893715C18}.Release|Any CPU.Build.0 = Release|Any CPU
	EndGlobalSection
	GlobalSection(SolutionProperties) = preSolution
		HideSolutionNode = FALSE
	EndGlobalSection
EndGlobal
